
Microsoft Visual Studio Solution File, Format Version 12.00
# Visual Studio Version 16
VisualStudioVersion = 16.0.30907.101
MinimumVisualStudioVersion = 10.0.40219.1
Project("{9A19103F-16F7-4668-BE54-9A1E7A4F7556}") = "123", "123\123.csproj", "{35924FEF-3410-4A56-9889-3329088982D7}"
EndProject
Project("{FAE04EC0-301F-11D3-BF4B-00C04F79EFBC}") = "0314", "0314\0314.csproj", "{859FADBC-C7DC-46D6-91EB-BBEA988F0BD2}"
EndProject
Project("{FAE04EC0-301F-11D3-BF4B-00C04F79EFBC}") = "123456", "..\..\..\..\Desktop\20220314\123456\123456.csproj", "{6C9BC061-DB66-4060-987C-0B30E7FB812C}"
EndProject
Project("{FAE04EC0-301F-11D3-BF4B-00C04F79EFBC}") = "002", "002\002.csproj", "{187872C6-E8E0-4C6B-AA09-DBF78B62B7C6}"
EndProject
Project("{FAE04EC0-301F-11D3-BF4B-00C04F79EFBC}") = "003", "003\003.csproj", "{E987ECE1-BC75-4F4B-AC0E-0EFC57DE64C8}"
EndProject
Global
	GlobalSection(SolutionConfigurationPlatforms) = preSolution
		Debug|Any CPU = Debug|Any CPU
		Release|Any CPU = Release|Any CPU
	EndGlobalSection
	GlobalSection(ProjectConfigurationPlatforms) = postSolution
		{35924FEF-3410-4A56-9889-3329088982D7}.Debug|Any CPU.ActiveCfg = Debug|Any CPU
		{35924FEF-3410-4A56-9889-3329088982D7}.Debug|Any CPU.Build.0 = Debug|Any CPU
		{35924FEF-3410-4A56-9889-3329088982D7}.Release|Any CPU.ActiveCfg = Release|Any CPU
		{35924FEF-3410-4A56-9889-3329088982D7}.Release|Any CPU.Build.0 = Release|Any CPU
		{859FADBC-C7DC-46D6-91EB-BBEA988F0BD2}.Debug|Any CPU.ActiveCfg = Debug|Any CPU
		{859FADBC-C7DC-46D6-91EB-BBEA988F0BD2}.Debug|Any CPU.Build.0 = Debug|Any CPU
		{859FADBC-C7DC-46D6-91EB-BBEA988F0BD2}.Release|Any CPU.ActiveCfg = Release|Any CPU
		{859FADBC-C7DC-46D6-91EB-BBEA988F0BD2}.Release|Any CPU.Build.0 = Release|Any CPU
		{6C9BC061-DB66-4060-987C-0B30E7FB812C}.Debug|Any CPU.ActiveCfg = Debug|Any CPU
		{6C9BC061-DB66-4060-987C-0B30E7FB812C}.Debug|Any CPU.Build.0 = Debug|Any CPU
		{6C9BC061-DB66-4060-987C-0B30E7FB812C}.Release|Any CPU.ActiveCfg = Release|Any CPU
		{6C9BC061-DB66-4060-987C-0B30E7FB812C}.Release|Any CPU.Build.0 = Release|Any CPU
		{187872C6-E8E0-4C6B-AA09-DBF78B62B7C6}.Debug|Any CPU.ActiveCfg = Debug|Any CPU
		{187872C6-E8E0-4C6B-AA09-DBF78B62B7C6}.Debug|Any CPU.Build.0 = Debug|Any CPU
		{187872C6-E8E0-4C6B-AA09-DBF78B62B7C6}.Release|Any CPU.ActiveCfg = Release|Any CPU
		{187872C6-E8E0-4C6B-AA09-DBF78B62B7C6}.Release|Any CPU.Build.0 = Release|Any CPU
		{E987ECE1-BC75-4F4B-AC0E-0EFC57DE64C8}.Debug|Any CPU.ActiveCfg = Debug|Any CPU
		{E987ECE1-BC75-4F4B-AC0E-0EFC57DE64C8}.Debug|Any CPU.Build.0 = Debug|Any CPU
		{E987ECE1-BC75-4F4B-AC0E-0EFC57DE64C8}.Release|Any CPU.ActiveCfg = Release|Any CPU
		{E987ECE1-BC75-4F4B-AC0E-0EFC57DE64C8}.Release|Any CPU.Build.0 = Release|Any CPU
	EndGlobalSection
	GlobalSection(SolutionProperties) = preSolution
		HideSolutionNode = FALSE
	EndGlobalSection
	GlobalSection(ExtensibilityGlobals) = postSolution
		SolutionGuid = {DD73F2AE-5015-4FE0-B3FD-CEA6B2F7BE91}
	EndGlobalSection
EndGlobal
